{
  "name": "bitwire-conformance-protocol-testees",
  "version": "0.0.0",
  "lockfileVersion": 3,
  "requires": true,
  "packages": {
    "": {
      "name": "bitwire-conformance-protocol-testees",
      "version": "0.0.0",
      "license": "Apache-2.0",
      "dependencies": {
        "@bitspark/bitruntime-testee": "https://github.com/Bitspark/bitruntime/releases/download/v0.4.2/bitspark-bitruntime-testee-0.4.2.tgz"
      },
      "engines": {
        "node": ">=24.0.0"
      }
    },
    "node_modules/@bitspark/bitruntime": {
      "version": "0.4.2",
      "resolved": "https://github.com/Bitspark/bitruntime/releases/download/v0.4.2/bitspark-bitruntime-0.4.2.tgz",
      "integrity": "sha512-er9khSem42eED8tBzE8jUOVCaLFPD543V+tQu1GBih4g6e901HN2tEXDMGwYWRX7dgYeS1OGDj1yOzMqALO+CQ==",
      "license": "Apache-2.0",
      "dependencies": {
        "@bitspark/bitwire": "0.3.0"
      },
      "engines": {
        "node": ">=22.12.0"
      }
    },
    "node_modules/@bitspark/bitruntime-testee": {
      "version": "0.4.2",
      "resolved": "https://github.com/Bitspark/bitruntime/releases/download/v0.4.2/bitspark-bitruntime-testee-0.4.2.tgz",
      "integrity": "sha512-yFYufjnO97N9saF//lUMsEuQK2Fu8tuTPCo7uB+/EseLMggv6Yqyp/nTTx+S/JG24tNVX0jYW7FVKDywEhW6Pg==",
      "license": "Apache-2.0",
      "dependencies": {
        "@bitspark/bitruntime": "https://github.com/Bitspark/bitruntime/releases/download/v0.4.2/bitspark-bitruntime-0.4.2.tgz",
        "@bitspark/bitwire": "0.3.0",
        "ws": "8.21.3"
      },
      "bin": {
        "bitwire-testee": "dist/testee.js"
      },
      "engines": {
        "node": ">=22.12.0"
      }
    },
    "node_modules/@bitspark/bitwire": {
      "version": "0.3.0",
      "resolved": "https://registry.npmjs.org/@bitspark/bitwire/-/bitwire-0.3.0.tgz",
      "integrity": "sha512-6tqme+2nfJAp2xwmYIrO7hSSh+6TrJ7gPIb8SZX4dQAoZZHs/iqPPsZFv8vJsMUBejzgBxwNtOoC3PjI0KMPRw==",
      "license": "Apache-2.0"
    },
    "node_modules/ws": {
      "version": "8.21.3",
      "resolved": "https://registry.npmjs.org/ws/-/ws-8.21.3.tgz",
      "integrity": "sha512-201TZ/kPWxoPr/OKWjquZR1SWKXcvxdH+e1xrx89b3YbmzLMFCLfnaG1HFIgWzJOEWZ7MvpK++odZufgYR50Rw==",
      "license": "MIT",
      "engines": {
        "node": ">=10.0.0"
      },
      "peerDependencies": {
        "bufferutil": "^4.0.1",
        "utf-8-validate": ">=5.0.2"
      },
      "peerDependenciesMeta": {
        "bufferutil": {
          "optional": true
        },
        "utf-8-validate": {
          "optional": true
        }
      }
    }
  }
}
